// !$*UTF8*$!
{
	archiveVersion = 1;
	classes = {
	};
	objectVersion = 50;
	objects = {

/* Begin PBXBuildFile section */
		F2B80CAD261CAAB600DFAECB /* AppDelegate.swift in Sources */ = {isa = PBXBuildFile; fileRef = F2B80CAC261CAAB600DFAECB /* AppDelegate.swift */; };
		F2B80CAF261CAAB600DFAECB /* SceneDelegate.swift in Sources */ = {isa = PBXBuildFile; fileRef = F2B80CAE261CAAB600DFAECB /* SceneDelegate.swift */; };
		F2B80CB1261CAAB600DFAECB /* ViewController.swift in Sources */ = {isa = PBXBuildFile; fileRef = F2B80CB0261CAAB600DFAECB /* ViewController.swift */; };
		F2B80CB4261CAAB600DFAECB /* Main.storyboard in Resources */ = {isa = PBXBuildFile; fileRef = F2B80CB2261CAAB600DFAECB /* Main.storyboard */; };
		F2B80CB6261CAAB700DFAECB /* Assets.xcassets in Resources */ = {isa = PBXBuildFile; fileRef = F2B80CB5261CAAB700DFAECB /* Assets.xcassets */; };
		F2B80CB9261CAAB700DFAECB /* LaunchScreen.storyboard in Resources */ = {isa = PBXBuildFile; fileRef = F2B80CB7261CAAB700DFAECB /* LaunchScreen.storyboard */; };
		F2B80CC2261CC7AD00DFAECB /* WelcomeViewController.swift in Sources */ = {isa = PBXBuildFile; fileRef = F2B80CC1261CC7AD00DFAECB /* WelcomeViewController.swift */; };
		F2B80CC5261D068100DFAECB /* CounterView.swift in Sources */ = {isa = PBXBuildFile; fileRef = F2B80CC4261D068100DFAECB /* CounterView.swift */; };
		F2B80CC8261DF9BE00DFAECB /* TestViewController.swift in Sources */ = {isa = PBXBuildFile; fileRef = F2B80CC7261DF9BE00DFAECB /* TestViewController.swift */; };
/* End PBXBuildFile section */

/* Begin PBXFileReference section */
		F2B80CA9261CAAB600DFAECB /* SecondApp.app */ = {isa = PBXFileReference; explicitFileType = wrapper.application; includeInIndex = 0; path = SecondApp.app; sourceTree = BUILT_PRODUCTS_DIR; };
		F2B80CAC261CAAB600DFAECB /* AppDelegate.swift */ = {isa = PBXFileReference; lastKnownFileType = sourcecode.swift; path = AppDelegate.swift; sourceTree = "<group>"; };
		F2B80CAE261CAAB600DFAECB /* SceneDelegate.swift */ = {isa = PBXFileReference; lastKnownFileType = sourcecode.swift; path = SceneDelegate.swift; sourceTree = "<group>"; };
		F2B80CB0261CAAB600DFAECB /* ViewController.swift */ = {isa = PBXFileReference; lastKnownFileType = sourcecode.swift; path = ViewController.swift; sourceTree = "<group>"; };
		F2B80CB3261CAAB600DFAECB /* Base */ = {isa = PBXFileReference; lastKnownFileType = file.storyboard; name = Base; path = Base.lproj/Main.storyboard; sourceTree = "<group>"; };
		F2B80CB5261CAAB700DFAECB /* Assets.xcassets */ = {isa = PBXFileReference; lastKnownFileType = folder.assetcatalog; path = Assets.xcassets; sourceTree = "<group>"; };
		F2B80CB8261CAAB700DFAECB /* Base */ = {isa = PBXFileReference; lastKnownFileType = file.storyboard; name = Base; path = Base.lproj/LaunchScreen.storyboard; sourceTree = "<group>"; };
		F2B80CBA261CAAB700DFAECB /* Info.plist */ = {isa = PBXFileReference; lastKnownFileType = text.plist.xml; path = Info.plist; sourceTree = "<group>"; };
		F2B80CC1261CC7AD00DFAECB /* WelcomeViewController.swift */ = {isa = PBXFileReference; lastKnownFileType = sourcecode.swift; path = WelcomeViewController.swift; sourceTree = "<group>"; };
		F2B80CC4261D068100DFAECB /* CounterView.swift */ = {isa = PBXFileReference; lastKnownFileType = sourcecode.swift; path = CounterView.swift; sourceTree = "<group>"; };
		F2B80CC7261DF9BE00DFAECB /* TestViewController.swift */ = {isa = PBXFileReference; lastKnownFileType = sourcecode.swift; path = TestViewController.swift; sourceTree = "<group>"; };
/* End PBXFileReference section */

/* Begin PBXFrameworksBuildPhase section */
		F2B80CA6261CAAB600DFAECB /* Frameworks */ = {
			isa = PBXFrameworksBuildPhase;
			buildActionMask = 2147483647;
			files = (
			);
			runOnlyForDeploymentPostprocessing = 0;
		};
/* End PBXFrameworksBuildPhase section */

/* Begin PBXGroup section */
		F2B80CA0261CAAB600DFAECB = {
			isa = PBXGroup;
			children = (
				F2B80CAB261CAAB600DFAECB /* SecondApp */,
				F2B80CAA261CAAB600DFAECB /* Products */,
			);
			sourceTree = "<group>";
		};
		F2B80CAA261CAAB600DFAECB /* Products */ = {
			isa = PBXGroup;
			children = (
				F2B80CA9261CAAB600DFAECB /* SecondApp.app */,
			);
			name = Products;
			sourceTree = "<group>";
		};
		F2B80CAB261CAAB600DFAECB /* SecondApp */ = {
			isa = PBXGroup;
			children = (
				F2B80CAC261CAAB600DFAECB /* AppDelegate.swift */,
				F2B80CAE261CAAB600DFAECB /* SceneDelegate.swift */,
				F2B80CB0261CAAB600DFAECB /* ViewController.swift */,
				F2B80CB2261CAAB600DFAECB /* Main.storyboard */,
				F2B80CB5261CAAB700DFAECB /* Assets.xcassets */,
				F2B80CB7261CAAB700DFAECB /* LaunchScreen.storyboard */,
				F2B80CBA261CAAB700DFAECB /* Info.plist */,
				F2B80CC1261CC7AD00DFAECB /* WelcomeViewController.swift */,
				F2B80CC4261D068100DFAECB /* CounterView.swift */,
				F2B80CC7261DF9BE00DFAECB /* TestViewController.swift */,
			);
			path = SecondApp;
			sourceTree = "<group>";
		};
/* End PBXGroup section */

/* Begin PBXNativeTarget section */
		F2B80CA8261CAAB600DFAECB /* SecondApp */ = {
			isa = PBXNativeTarget;
			buildConfigurationList = F2B80CBD261CAAB700DFAECB /* Build configuration list for PBXNativeTarget "SecondApp" */;
			buildPhases = (
				F2B80CA5261CAAB600DFAECB /* Sources */,
				F2B80CA6261CAAB600DFAECB /* Frameworks */,
				F2B80CA7261CAAB600DFAECB /* Resources */,
			);
			buildRules = (
			);
			dependencies = (
			);
			name = SecondApp;
			productName = SecondApp;
			productReference = F2B80CA9261CAAB600DFAECB /* SecondApp.app */;
			productType = "com.apple.product-type.application";
		};
/* End PBXNativeTarget section */

/* Begin PBXProject section */
		F2B80CA1261CAAB600DFAECB /* Project object */ = {
			isa = PBXProject;
			attributes = {
				LastSwiftUpdateCheck = 1240;
				LastUpgradeCheck = 1240;
				TargetAttributes = {
					F2B80CA8261CAAB600DFAECB = {
						CreatedOnToolsVersion = 12.4;
					};
				};
			};
			buildConfigurationList = F2B80CA4261CAAB600DFAECB /* Build configuration list for PBXProject "SecondApp" */;
			compatibilityVersion = "Xcode 9.3";
			developmentRegion = en;
			hasScannedForEncodings = 0;
			knownRegions = (
				en,
				Base,
			);
			mainGroup = F2B80CA0261CAAB600DFAECB;
			productRefGroup = F2B80CAA261CAAB600DFAECB /* Products */;
			projectDirPath = "";
			projectRoot = "";
			targets = (
				F2B80CA8261CAAB600DFAECB /* SecondApp */,
			);
		};
/* End PBXProject section */

/* Begin PBXResourcesBuildPhase section */
		F2B80CA7261CAAB600DFAECB /* Resources */ = {
			isa = PBXResourcesBuildPhase;
			buildActionMask = 2147483647;
			files = (
				F2B80CB9261CAAB700DFAECB /* LaunchScreen.storyboard in Resources */,
				F2B80CB6261CAAB700DFAECB /* Assets.xcassets in Resources */,
				F2B80CB4261CAAB600DFAECB /* Main.storyboard in Resources */,
			);
			runOnlyForDeploymentPostprocessing = 0;
		};
/* End PBXResourcesBuildPhase section */

/* Begin PBXSourcesBuildPhase section */
		F2B80CA5261CAAB600DFAECB /* Sources */ = {
			isa = PBXSourcesBuildPhase;
			buildActionMask = 2147483647;
			files = (
				F2B80CB1261CAAB600DFAECB /* ViewController.swift in Sources */,
				F2B80CC2261CC7AD00DFAECB /* WelcomeViewController.swift in Sources */,
				F2B80CAD261CAAB600DFAECB /* AppDelegate.swift in Sources */,
				F2B80CAF261CAAB600DFAECB /* SceneDelegate.swift in Sources */,
				F2B80CC8261DF9BE00DFAECB /* TestViewController.swift in Sources */,
				F2B80CC5261D068100DFAECB /* CounterView.swift in Sources */,
			);
			runOnlyForDeploymentPostprocessing = 0;
		};
/* End PBXSourcesBuildPhase section */

/* Begin PBXVariantGroup section */
		F2B80CB2261CAAB600DFAECB /* Main.storyboard */ = {
			isa = PBXVariantGroup;
			children = (
				F2B80CB3261CAAB600DFAECB /* Base */,
			);
			name = Main.storyboard;
			sourceTree = "<group>";
		};
		F2B80CB7261CAAB700DFAECB /* LaunchScreen.storyboard */ = {
			isa = PBXVariantGroup;
			children = (
				F2B80CB8261CAAB700DFAECB /* Base */,
			);
			name = LaunchScreen.storyboard;
			sourceTree = "<group>";
		};
/* End PBXVariantGroup section */

/* Begin XCBuildConfiguration section */
		F2B80CBB261CAAB700DFAECB /* Debug */ = {
			isa = XCBuildConfiguration;
			buildSettings = {
				ALWAYS_SEARCH_USER_PATHS = NO;
				CLANG_ANALYZER_NONNULL = YES;
				CLANG_ANALYZER_NUMBER_OBJECT_CONVERSION = YES_AGGRESSIVE;
				CLANG_CXX_LANGUAGE_STANDARD = "gnu++14";
				CLANG_CXX_LIBRARY = "libc++";
				CLANG_ENABLE_MODULES = YES;
				CLANG_ENABLE_OBJC_ARC = YES;
				CLANG_ENABLE_OBJC_WEAK = YES;
				CLANG_WARN_BLOCK_CAPTURE_AUTORELEASING = YES;
				CLANG_WARN_BOOL_CONVERSION = YES;
				CLANG_WARN_COMMA = YES;
				CLANG_WARN_CONSTANT_CONVERSION = YES;
				CLANG_WARN_DEPRECATED_OBJC_IMPLEMENTATIONS = YES;
				CLANG_WARN_DIRECT_OBJC_ISA_USAGE = YES_ERROR;
				CLANG_WARN_DOCUMENTATION_COMMENTS = YES;
				CLANG_WARN_EMPTY_BODY = YES;
				CLANG_WARN_ENUM_CONVERSION = YES;
				CLANG_WARN_INFINITE_RECURSION = YES;
				CLANG_WARN_INT_CONVERSION = YES;
				CLANG_WARN_NON_LITERAL_NULL_CONVERSION = YES;
				CLANG_WARN_OBJC_IMPLICIT_RETAIN_SELF = YES;
				CLANG_WARN_OBJC_LITERAL_CONVERSION = YES;
				CLANG_WARN_OBJC_ROOT_CLASS = YES_ERROR;
				CLANG_WARN_QUOTED_INCLUDE_IN_FRAMEWORK_HEADER = YES;
				CLANG_WARN_RANGE_LOOP_ANALYSIS = YES;
				CLANG_WARN_STRICT_PROTOTYPES = YES;
				CLANG_WARN_SUSPICIOUS_MOVE = YES;
				CLANG_WARN_UNGUARDED_AVAILABILITY = YES_AGGRESSIVE;
				CLANG_WARN_UNREACHABLE_CODE = YES;
				CLANG_WARN__DUPLICATE_METHOD_MATCH = YES;
				COPY_PHASE_STRIP = NO;
				DEBUG_INFORMATION_FORMAT = dwarf;
				ENABLE_STRICT_OBJC_MSGSEND = YES;
				ENABLE_TESTABILITY = YES;
				GCC_C_LANGUAGE_STANDARD = gnu11;
				GCC_DYNAMIC_NO_PIC = NO;
				GCC_NO_COMMON_BLOCKS = YES;
				GCC_OPTIMIZATION_LEVEL = 0;
				GCC_PREPROCESSOR_DEFINITIONS = (
					"DEBUG=1",
					"$(inherited)",
				);
				GCC_WARN_64_TO_32_BIT_CONVERSION = YES;
				GCC_WARN_ABOUT_RETURN_TYPE = YES_ERROR;
				GCC_WARN_UNDECLARED_SELECTOR = YES;
				GCC_WARN_UNINITIALIZED_AUTOS = YES_AGGRESSIVE;
				GCC_WARN_UNUSED_FUNCTION = YES;
				GCC_WARN_UNUSED_VARIABLE = YES;
				IPHONEOS_DEPLOYMENT_TARGET = 14.4;
				MTL_ENABLE_DEBUG_INFO = INCLUDE_SOURCE;
				MTL_FAST_MATH = YES;
				ONLY_ACTIVE_ARCH = YES;
				SDKROOT = iphoneos;
				SWIFT_ACTIVE_COMPILATION_CONDITIONS = DEBUG;
				SWIFT_OPTIMIZATION_LEVEL = "-Onone";
			};
			name = Debug;
		};
		F2B80CBC261CAAB700DFAECB /* Release */ = {
			isa = XCBuildConfiguration;
			buildSettings = {
				ALWAYS_SEARCH_USER_PATHS = NO;
				CLANG_ANALYZER_NONNULL = YES;
				CLANG_ANALYZER_NUMBER_OBJECT_CONVERSION = YES_AGGRESSIVE;
				CLANG_CXX_LANGUAGE_STANDARD = "gnu++14";
				CLANG_CXX_LIBRARY = "libc++";
				CLANG_ENABLE_MODULES = YES;
				CLANG_ENABLE_OBJC_ARC = YES;
				CLANG_ENABLE_OBJC_WEAK = YES;
				CLANG_WARN_BLOCK_CAPTURE_AUTORELEASING = YES;
				CLANG_WARN_BOOL_CONVERSION = YES;
				CLANG_WARN_COMMA = YES;
				CLANG_WARN_CONSTANT_CONVERSION = YES;
				CLANG_WARN_DEPRECATED_OBJC_IMPLEMENTATIONS = YES;
				CLANG_WARN_DIRECT_OBJC_ISA_USAGE = YES_ERROR;
				CLANG_WARN_DOCUMENTATION_COMMENTS = YES;
				CLANG_WARN_EMPTY_BODY = YES;
				CLANG_WARN_ENUM_CONVERSION = YES;
				CLANG_WARN_INFINITE_RECURSION = YES;
				CLANG_WARN_INT_CONVERSION = YES;
				CLANG_WARN_NON_LITERAL_NULL_CONVERSION = YES;
				CLANG_WARN_OBJC_IMPLICIT_RETAIN_SELF = YES;
				CLANG_WARN_OBJC_LITERAL_CONVERSION = YES;
				CLANG_WARN_OBJC_ROOT_CLASS = YES_ERROR;
				CLANG_WARN_QUOTED_INCLUDE_IN_FRAMEWORK_HEADER = YES;
				CLANG_WARN_RANGE_LOOP_ANALYSIS = YES;
				CLANG_WARN_STRICT_PROTOTYPES = YES;
				CLANG_WARN_SUSPICIOUS_MOVE = YES;
				CLANG_WARN_UNGUARDED_AVAILABILITY = YES_AGGRESSIVE;
				CLANG_WARN_UNREACHABLE_CODE = YES;
				CLANG_WARN__DUPLICATE_METHOD_MATCH = YES;
				COPY_PHASE_STRIP = NO;
				DEBUG_INFORMATION_FORMAT = "dwarf-with-dsym";
				ENABLE_NS_ASSERTIONS = NO;
				ENABLE_STRICT_OBJC_MSGSEND = YES;
				GCC_C_LANGUAGE_STANDARD = gnu11;
				GCC_NO_COMMON_BLOCKS = YES;
				GCC_WARN_64_TO_32_BIT_CONVERSION = YES;
				GCC_WARN_ABOUT_RETURN_TYPE = YES_ERROR;
				GCC_WARN_UNDECLARED_SELECTOR = YES;
				GCC_WARN_UNINITIALIZED_AUTOS = YES_AGGRESSIVE;
				GCC_WARN_UNUSED_FUNCTION = YES;
				GCC_WARN_UNUSED_VARIABLE = YES;
				IPHONEOS_DEPLOYMENT_TARGET = 14.4;
				MTL_ENABLE_DEBUG_INFO = NO;
				MTL_FAST_MATH = YES;
				SDKROOT = iphoneos;
				SWIFT_COMPILATION_MODE = wholemodule;
				SWIFT_OPTIMIZATION_LEVEL = "-O";
				VALIDATE_PRODUCT = YES;
			};
			name = Release;
		};
		F2B80CBE261CAAB700DFAECB /* Debug */ = {
			isa = XCBuildConfiguration;
			buildSettings = {
				ASSETCATALOG_COMPILER_APPICON_NAME = AppIcon;
				ASSETCATALOG_COMPILER_GLOBAL_ACCENT_COLOR_NAME = AccentColor;
				CODE_SIGN_STYLE = Automatic;
				INFOPLIST_FILE = SecondApp/Info.plist;
				LD_RUNPATH_SEARCH_PATHS = (
					"$(inherited)",
					"@executable_path/Frameworks",
				);
				PRODUCT_BUNDLE_IDENTIFIER = chiefdom.SecondApp;
				PRODUCT_NAME = "$(TARGET_NAME)";
				SWIFT_VERSION = 5.0;
				TARGETED_DEVICE_FAMILY = "1,2";
			};
			name = Debug;
		};
		F2B80CBF261CAAB700DFAECB /* Release */ = {
			isa = XCBuildConfiguration;
			buildSettings = {
				ASSETCATALOG_COMPILER_APPICON_NAME = AppIcon;
				ASSETCATALOG_COMPILER_GLOBAL_ACCENT_COLOR_NAME = AccentColor;
				CODE_SIGN_STYLE = Automatic;
				INFOPLIST_FILE = SecondApp/Info.plist;
				LD_RUNPATH_SEARCH_PATHS = (
					"$(inherited)",
					"@executable_path/Frameworks",
				);
				PRODUCT_BUNDLE_IDENTIFIER = chiefdom.SecondApp;
				PRODUCT_NAME = "$(TARGET_NAME)";
				SWIFT_VERSION = 5.0;
				TARGETED_DEVICE_FAMILY = "1,2";
			};
			name = Release;
		};
/* End XCBuildConfiguration section */

/* Begin XCConfigurationList section */
		F2B80CA4261CAAB600DFAECB /* Build configuration list for PBXProject "SecondApp" */ = {
			isa = XCConfigurationList;
			buildConfigurations = (
				F2B80CBB261CAAB700DFAECB /* Debug */,
				F2B80CBC261CAAB700DFAECB /* Release */,
			);
			defaultConfigurationIsVisible = 0;
			defaultConfigurationName = Release;
		};
		F2B80CBD261CAAB700DFAECB /* Build configuration list for PBXNativeTarget "SecondApp" */ = {
			isa = XCConfigurationList;
			buildConfigurations = (
				F2B80CBE261CAAB700DFAECB /* Debug */,
				F2B80CBF261CAAB700DFAECB /* Release */,
			);
			defaultConfigurationIsVisible = 0;
			defaultConfigurationName = Release;
		};
/* End XCConfigurationList section */
	};
	rootObject = F2B80CA1261CAAB600DFAECB /* Project object */;
}
